
Microsoft Visual Studio Solution File, Format Version 12.00
# Visual Studio Version 17
VisualStudioVersion = 17.5.33424.131
MinimumVisualStudioVersion = 10.0.40219.1
Project("{FAE04EC0-301F-11D3-BF4B-00C04F79EFBC}") = "LAB4", "LAB4\LAB4.csproj", "{B4BA3C53-C97F-48DA-9DFE-AC54C505E35F}"
EndProject
Global
	GlobalSection(SolutionConfigurationPlatforms) = preSolution
		Debug|Any CPU = Debug|Any CPU
		Release|Any CPU = Release|Any CPU
	EndGlobalSection
	GlobalSection(ProjectConfigurationPlatforms) = postSolution
		{B4BA3C53-C97F-48DA-9DFE-AC54C505E35F}.Debug|Any CPU.ActiveCfg = Debug|Any CPU
		{B4BA3C53-C97F-48DA-9DFE-AC54C505E35F}.Debug|Any CPU.Build.0 = Debug|Any CPU
		{B4BA3C53-C97F-48DA-9DFE-AC54C505E35F}.Release|Any CPU.ActiveCfg = Release|Any CPU
		{B4BA3C53-C97F-48DA-9DFE-AC54C505E35F}.Release|Any CPU.Build.0 = Release|Any CPU
	EndGlobalSection
	GlobalSection(SolutionProperties) = preSolution
		HideSolutionNode = FALSE
	EndGlobalSection
	GlobalSection(ExtensibilityGlobals) = postSolution
		SolutionGuid = {49BB022E-6497-43AE-86E6-0792A6DE95A9}
	EndGlobalSection
EndGlobal
